// !$*UTF8*$!
{
	archiveVersion = 1;
	classes = {
	};
	objectVersion = 46;
	objects = {

/* Begin PBXBuildFile section */
		FA9CAF671C4FA34B001D8215 /* ProjectTabBarController.swift in Sources */ = {isa = PBXBuildFile; fileRef = FA9CAF661C4FA34B001D8215 /* ProjectTabBarController.swift */; };
		FA9CAF691C4FA40C001D8215 /* FirstPage.storyboard in Resources */ = {isa = PBXBuildFile; fileRef = FA9CAF681C4FA40C001D8215 /* FirstPage.storyboard */; };
		FA9CAF6B1C4FA50E001D8215 /* ShengXianVC.swift in Sources */ = {isa = PBXBuildFile; fileRef = FA9CAF6A1C4FA50E001D8215 /* ShengXianVC.swift */; };
		FA9CAF6D1C4FA6BF001D8215 /* Goods.storyboard in Resources */ = {isa = PBXBuildFile; fileRef = FA9CAF6C1C4FA6BF001D8215 /* Goods.storyboard */; };
		FA9CAF6F1C4FA700001D8215 /* ChangGouRootVC.swift in Sources */ = {isa = PBXBuildFile; fileRef = FA9CAF6E1C4FA700001D8215 /* ChangGouRootVC.swift */; };
		FAC673F11C4E867300BAC4D5 /* AppDelegate.swift in Sources */ = {isa = PBXBuildFile; fileRef = FAC673F01C4E867300BAC4D5 /* AppDelegate.swift */; };
		FAC673F31C4E867300BAC4D5 /* FirstViewController.swift in Sources */ = {isa = PBXBuildFile; fileRef = FAC673F21C4E867300BAC4D5 /* FirstViewController.swift */; };
		FAC673F51C4E867300BAC4D5 /* SecondViewController.swift in Sources */ = {isa = PBXBuildFile; fileRef = FAC673F41C4E867300BAC4D5 /* SecondViewController.swift */; };
		FAC673F81C4E867300BAC4D5 /* Main.storyboard in Resources */ = {isa = PBXBuildFile; fileRef = FAC673F61C4E867300BAC4D5 /* Main.storyboard */; };
		FAC673FA1C4E867300BAC4D5 /* Assets.xcassets in Resources */ = {isa = PBXBuildFile; fileRef = FAC673F91C4E867300BAC4D5 /* Assets.xcassets */; };
		FAC673FD1C4E867300BAC4D5 /* LaunchScreen.storyboard in Resources */ = {isa = PBXBuildFile; fileRef = FAC673FB1C4E867300BAC4D5 /* LaunchScreen.storyboard */; };
/* End PBXBuildFile section */

/* Begin PBXFileReference section */
		FA9CAF661C4FA34B001D8215 /* ProjectTabBarController.swift */ = {isa = PBXFileReference; fileEncoding = 4; lastKnownFileType = sourcecode.swift; name = ProjectTabBarController.swift; path = Other/ProjectTabBarController.swift; sourceTree = "<group>"; };
		FA9CAF681C4FA40C001D8215 /* FirstPage.storyboard */ = {isa = PBXFileReference; fileEncoding = 4; lastKnownFileType = file.storyboard; path = FirstPage.storyboard; sourceTree = "<group>"; };
		FA9CAF6A1C4FA50E001D8215 /* ShengXianVC.swift */ = {isa = PBXFileReference; fileEncoding = 4; lastKnownFileType = sourcecode.swift; name = ShengXianVC.swift; path = FirstPage/ShengXianVC.swift; sourceTree = "<group>"; };
		FA9CAF6C1C4FA6BF001D8215 /* Goods.storyboard */ = {isa = PBXFileReference; fileEncoding = 4; lastKnownFileType = file.storyboard; path = Goods.storyboard; sourceTree = "<group>"; };
		FA9CAF6E1C4FA700001D8215 /* ChangGouRootVC.swift */ = {isa = PBXFileReference; fileEncoding = 4; lastKnownFileType = sourcecode.swift; name = ChangGouRootVC.swift; path = Goods/ChangGouRootVC.swift; sourceTree = "<group>"; };
		FAC673ED1C4E867300BAC4D5 /* momoShop.app */ = {isa = PBXFileReference; explicitFileType = wrapper.application; includeInIndex = 0; path = momoShop.app; sourceTree = BUILT_PRODUCTS_DIR; };
		FAC673F01C4E867300BAC4D5 /* AppDelegate.swift */ = {isa = PBXFileReference; lastKnownFileType = sourcecode.swift; path = AppDelegate.swift; sourceTree = "<group>"; };
		FAC673F21C4E867300BAC4D5 /* FirstViewController.swift */ = {isa = PBXFileReference; lastKnownFileType = sourcecode.swift; path = FirstViewController.swift; sourceTree = "<group>"; };
		FAC673F41C4E867300BAC4D5 /* SecondViewController.swift */ = {isa = PBXFileReference; lastKnownFileType = sourcecode.swift; path = SecondViewController.swift; sourceTree = "<group>"; };
		FAC673F71C4E867300BAC4D5 /* Base */ = {isa = PBXFileReference; lastKnownFileType = file.storyboard; name = Base; path = Base.lproj/Main.storyboard; sourceTree = "<group>"; };
		FAC673F91C4E867300BAC4D5 /* Assets.xcassets */ = {isa = PBXFileReference; lastKnownFileType = folder.assetcatalog; path = Assets.xcassets; sourceTree = "<group>"; };
		FAC673FC1C4E867300BAC4D5 /* Base */ = {isa = PBXFileReference; lastKnownFileType = file.storyboard; name = Base; path = Base.lproj/LaunchScreen.storyboard; sourceTree = "<group>"; };
		FAC673FE1C4E867300BAC4D5 /* Info.plist */ = {isa = PBXFileReference; lastKnownFileType = text.plist.xml; path = Info.plist; sourceTree = "<group>"; };
/* End PBXFileReference section */

/* Begin PBXFrameworksBuildPhase section */
		FAC673EA1C4E867300BAC4D5 /* Frameworks */ = {
			isa = PBXFrameworksBuildPhase;
			buildActionMask = 2147483647;
			files = (
			);
			runOnlyForDeploymentPostprocessing = 0;
		};
/* End PBXFrameworksBuildPhase section */

/* Begin PBXGroup section */
		FA9CAF601C4FA06B001D8215 /* FirstPage */ = {
			isa = PBXGroup;
			children = (
				FA9CAF681C4FA40C001D8215 /* FirstPage.storyboard */,
				FA9CAF6A1C4FA50E001D8215 /* ShengXianVC.swift */,
			);
			name = FirstPage;
			sourceTree = "<group>";
		};
		FA9CAF611C4FA0A6001D8215 /* Goods */ = {
			isa = PBXGroup;
			children = (
				FA9CAF6C1C4FA6BF001D8215 /* Goods.storyboard */,
				FA9CAF6E1C4FA700001D8215 /* ChangGouRootVC.swift */,
			);
			name = Goods;
			sourceTree = "<group>";
		};
		FA9CAF621C4FA0BC001D8215 /* ShoppingCar */ = {
			isa = PBXGroup;
			children = (
			);
			name = ShoppingCar;
			sourceTree = "<group>";
		};
		FA9CAF631C4FA0CC001D8215 /* MyInfo */ = {
			isa = PBXGroup;
			children = (
			);
			name = MyInfo;
			sourceTree = "<group>";
		};
		FA9CAF641C4FA0D9001D8215 /* UploadProduct */ = {
			isa = PBXGroup;
			children = (
			);
			name = UploadProduct;
			sourceTree = "<group>";
		};
		FA9CAF651C4FA0F2001D8215 /* Other */ = {
			isa = PBXGroup;
			children = (
				FAC673F21C4E867300BAC4D5 /* FirstViewController.swift */,
				FAC673F41C4E867300BAC4D5 /* SecondViewController.swift */,
				FAC673F61C4E867300BAC4D5 /* Main.storyboard */,
				FA9CAF661C4FA34B001D8215 /* ProjectTabBarController.swift */,
				FAC673F91C4E867300BAC4D5 /* Assets.xcassets */,
				FAC673FB1C4E867300BAC4D5 /* LaunchScreen.storyboard */,
				FAC673FE1C4E867300BAC4D5 /* Info.plist */,
				FAC673F01C4E867300BAC4D5 /* AppDelegate.swift */,
			);
			name = Other;
			sourceTree = "<group>";
		};
		FAC673E41C4E867300BAC4D5 = {
			isa = PBXGroup;
			children = (
				FAC673EF1C4E867300BAC4D5 /* momoShop */,
				FAC673EE1C4E867300BAC4D5 /* Products */,
			);
			sourceTree = "<group>";
		};
		FAC673EE1C4E867300BAC4D5 /* Products */ = {
			isa = PBXGroup;
			children = (
				FAC673ED1C4E867300BAC4D5 /* momoShop.app */,
			);
			name = Products;
			sourceTree = "<group>";
		};
		FAC673EF1C4E867300BAC4D5 /* momoShop */ = {
			isa = PBXGroup;
			children = (
				FA9CAF651C4FA0F2001D8215 /* Other */,
				FA9CAF641C4FA0D9001D8215 /* UploadProduct */,
				FA9CAF631C4FA0CC001D8215 /* MyInfo */,
				FA9CAF621C4FA0BC001D8215 /* ShoppingCar */,
				FA9CAF611C4FA0A6001D8215 /* Goods */,
				FA9CAF601C4FA06B001D8215 /* FirstPage */,
			);
			path = momoShop;
			sourceTree = "<group>";
		};
/* End PBXGroup section */

/* Begin PBXNativeTarget section */
		FAC673EC1C4E867300BAC4D5 /* momoShop */ = {
			isa = PBXNativeTarget;
			buildConfigurationList = FAC674011C4E867300BAC4D5 /* Build configuration list for PBXNativeTarget "momoShop" */;
			buildPhases = (
				FAC673E91C4E867300BAC4D5 /* Sources */,
				FAC673EA1C4E867300BAC4D5 /* Frameworks */,
				FAC673EB1C4E867300BAC4D5 /* Resources */,
			);
			buildRules = (
			);
			dependencies = (
			);
			name = momoShop;
			productName = momoShop;
			productReference = FAC673ED1C4E867300BAC4D5 /* momoShop.app */;
			productType = "com.apple.product-type.application";
		};
/* End PBXNativeTarget section */

/* Begin PBXProject section */
		FAC673E51C4E867300BAC4D5 /* Project object */ = {
			isa = PBXProject;
			attributes = {
				LastSwiftUpdateCheck = 0720;
				LastUpgradeCheck = 0720;
				ORGANIZATIONNAME = "MoMo IOS";
				TargetAttributes = {
					FAC673EC1C4E867300BAC4D5 = {
						CreatedOnToolsVersion = 7.2;
					};
				};
			};
			buildConfigurationList = FAC673E81C4E867300BAC4D5 /* Build configuration list for PBXProject "momoShop" */;
			compatibilityVersion = "Xcode 3.2";
			developmentRegion = English;
			hasScannedForEncodings = 0;
			knownRegions = (
				en,
				Base,
			);
			mainGroup = FAC673E41C4E867300BAC4D5;
			productRefGroup = FAC673EE1C4E867300BAC4D5 /* Products */;
			projectDirPath = "";
			projectRoot = "";
			targets = (
				FAC673EC1C4E867300BAC4D5 /* momoShop */,
			);
		};
/* End PBXProject section */

/* Begin PBXResourcesBuildPhase section */
		FAC673EB1C4E867300BAC4D5 /* Resources */ = {
			isa = PBXResourcesBuildPhase;
			buildActionMask = 2147483647;
			files = (
				FA9CAF691C4FA40C001D8215 /* FirstPage.storyboard in Resources */,
				FAC673FD1C4E867300BAC4D5 /* LaunchScreen.storyboard in Resources */,
				FA9CAF6D1C4FA6BF001D8215 /* Goods.storyboard in Resources */,
				FAC673FA1C4E867300BAC4D5 /* Assets.xcassets in Resources */,
				FAC673F81C4E867300BAC4D5 /* Main.storyboard in Resources */,
			);
			runOnlyForDeploymentPostprocessing = 0;
		};
/* End PBXResourcesBuildPhase section */

/* Begin PBXSourcesBuildPhase section */
		FAC673E91C4E867300BAC4D5 /* Sources */ = {
			isa = PBXSourcesBuildPhase;
			buildActionMask = 2147483647;
			files = (
				FA9CAF6F1C4FA700001D8215 /* ChangGouRootVC.swift in Sources */,
				FAC673F51C4E867300BAC4D5 /* SecondViewController.swift in Sources */,
				FAC673F11C4E867300BAC4D5 /* AppDelegate.swift in Sources */,
				FAC673F31C4E867300BAC4D5 /* FirstViewController.swift in Sources */,
				FA9CAF6B1C4FA50E001D8215 /* ShengXianVC.swift in Sources */,
				FA9CAF671C4FA34B001D8215 /* ProjectTabBarController.swift in Sources */,
			);
			runOnlyForDeploymentPostprocessing = 0;
		};
/* End PBXSourcesBuildPhase section */

/* Begin PBXVariantGroup section */
		FAC673F61C4E867300BAC4D5 /* Main.storyboard */ = {
			isa = PBXVariantGroup;
			children = (
				FAC673F71C4E867300BAC4D5 /* Base */,
			);
			name = Main.storyboard;
			sourceTree = "<group>";
		};
		FAC673FB1C4E867300BAC4D5 /* LaunchScreen.storyboard */ = {
			isa = PBXVariantGroup;
			children = (
				FAC673FC1C4E867300BAC4D5 /* Base */,
			);
			name = LaunchScreen.storyboard;
			sourceTree = "<group>";
		};
/* End PBXVariantGroup section */

/* Begin XCBuildConfiguration section */
		FAC673FF1C4E867300BAC4D5 /* Debug */ = {
			isa = XCBuildConfiguration;
			buildSettings = {
				ALWAYS_SEARCH_USER_PATHS = NO;
				CLANG_CXX_LANGUAGE_STANDARD = "gnu++0x";
				CLANG_CXX_LIBRARY = "libc++";
				CLANG_ENABLE_MODULES = YES;
				CLANG_ENABLE_OBJC_ARC = YES;
				CLANG_WARN_BOOL_CONVERSION = YES;
				CLANG_WARN_CONSTANT_CONVERSION = YES;
				CLANG_WARN_DIRECT_OBJC_ISA_USAGE = YES_ERROR;
				CLANG_WARN_EMPTY_BODY = YES;
				CLANG_WARN_ENUM_CONVERSION = YES;
				CLANG_WARN_INT_CONVERSION = YES;
				CLANG_WARN_OBJC_ROOT_CLASS = YES_ERROR;
				CLANG_WARN_UNREACHABLE_CODE = YES;
				CLANG_WARN__DUPLICATE_METHOD_MATCH = YES;
				"CODE_SIGN_IDENTITY[sdk=iphoneos*]" = "iPhone Developer";
				COPY_PHASE_STRIP = NO;
				DEBUG_INFORMATION_FORMAT = dwarf;
				ENABLE_STRICT_OBJC_MSGSEND = YES;
				ENABLE_TESTABILITY = YES;
				GCC_C_LANGUAGE_STANDARD = gnu99;
				GCC_DYNAMIC_NO_PIC = NO;
				GCC_NO_COMMON_BLOCKS = YES;
				GCC_OPTIMIZATION_LEVEL = 0;
				GCC_PREPROCESSOR_DEFINITIONS = (
					"DEBUG=1",
					"$(inherited)",
				);
				GCC_WARN_64_TO_32_BIT_CONVERSION = YES;
				GCC_WARN_ABOUT_RETURN_TYPE = YES_ERROR;
				GCC_WARN_UNDECLARED_SELECTOR = YES;
				GCC_WARN_UNINITIALIZED_AUTOS = YES_AGGRESSIVE;
				GCC_WARN_UNUSED_FUNCTION = YES;
				GCC_WARN_UNUSED_VARIABLE = YES;
				IPHONEOS_DEPLOYMENT_TARGET = 9.2;
				MTL_ENABLE_DEBUG_INFO = YES;
				ONLY_ACTIVE_ARCH = YES;
				SDKROOT = iphoneos;
				SWIFT_OPTIMIZATION_LEVEL = "-Onone";
			};
			name = Debug;
		};
		FAC674001C4E867300BAC4D5 /* Release */ = {
			isa = XCBuildConfiguration;
			buildSettings = {
				ALWAYS_SEARCH_USER_PATHS = NO;
				CLANG_CXX_LANGUAGE_STANDARD = "gnu++0x";
				CLANG_CXX_LIBRARY = "libc++";
				CLANG_ENABLE_MODULES = YES;
				CLANG_ENABLE_OBJC_ARC = YES;
				CLANG_WARN_BOOL_CONVERSION = YES;
				CLANG_WARN_CONSTANT_CONVERSION = YES;
				CLANG_WARN_DIRECT_OBJC_ISA_USAGE = YES_ERROR;
				CLANG_WARN_EMPTY_BODY = YES;
				CLANG_WARN_ENUM_CONVERSION = YES;
				CLANG_WARN_INT_CONVERSION = YES;
				CLANG_WARN_OBJC_ROOT_CLASS = YES_ERROR;
				CLANG_WARN_UNREACHABLE_CODE = YES;
				CLANG_WARN__DUPLICATE_METHOD_MATCH = YES;
				"CODE_SIGN_IDENTITY[sdk=iphoneos*]" = "iPhone Developer";
				COPY_PHASE_STRIP = NO;
				DEBUG_INFORMATION_FORMAT = "dwarf-with-dsym";
				ENABLE_NS_ASSERTIONS = NO;
				ENABLE_STRICT_OBJC_MSGSEND = YES;
				GCC_C_LANGUAGE_STANDARD = gnu99;
				GCC_NO_COMMON_BLOCKS = YES;
				GCC_WARN_64_TO_32_BIT_CONVERSION = YES;
				GCC_WARN_ABOUT_RETURN_TYPE = YES_ERROR;
				GCC_WARN_UNDECLARED_SELECTOR = YES;
				GCC_WARN_UNINITIALIZED_AUTOS = YES_AGGRESSIVE;
				GCC_WARN_UNUSED_FUNCTION = YES;
				GCC_WARN_UNUSED_VARIABLE = YES;
				IPHONEOS_DEPLOYMENT_TARGET = 9.2;
				MTL_ENABLE_DEBUG_INFO = NO;
				SDKROOT = iphoneos;
				VALIDATE_PRODUCT = YES;
			};
			name = Release;
		};
		FAC674021C4E867300BAC4D5 /* Debug */ = {
			isa = XCBuildConfiguration;
			buildSettings = {
				ASSETCATALOG_COMPILER_APPICON_NAME = AppIcon;
				CODE_SIGN_IDENTITY = "iPhone Developer";
				INFOPLIST_FILE = momoShop/Info.plist;
				IPHONEOS_DEPLOYMENT_TARGET = 8.0;
				LD_RUNPATH_SEARCH_PATHS = "$(inherited) @executable_path/Frameworks";
				PRODUCT_BUNDLE_IDENTIFIER = com.MoMoIOS.momoShop;
				PRODUCT_NAME = "$(TARGET_NAME)";
			};
			name = Debug;
		};
		FAC674031C4E867300BAC4D5 /* Release */ = {
			isa = XCBuildConfiguration;
			buildSettings = {
				ASSETCATALOG_COMPILER_APPICON_NAME = AppIcon;
				CODE_SIGN_IDENTITY = "iPhone Developer";
				INFOPLIST_FILE = momoShop/Info.plist;
				IPHONEOS_DEPLOYMENT_TARGET = 8.0;
				LD_RUNPATH_SEARCH_PATHS = "$(inherited) @executable_path/Frameworks";
				PRODUCT_BUNDLE_IDENTIFIER = com.MoMoIOS.momoShop;
				PRODUCT_NAME = "$(TARGET_NAME)";
			};
			name = Release;
		};
/* End XCBuildConfiguration section */

/* Begin XCConfigurationList section */
		FAC673E81C4E867300BAC4D5 /* Build configuration list for PBXProject "momoShop" */ = {
			isa = XCConfigurationList;
			buildConfigurations = (
				FAC673FF1C4E867300BAC4D5 /* Debug */,
				FAC674001C4E867300BAC4D5 /* Release */,
			);
			defaultConfigurationIsVisible = 0;
			defaultConfigurationName = Release;
		};
		FAC674011C4E867300BAC4D5 /* Build configuration list for PBXNativeTarget "momoShop" */ = {
			isa = XCConfigurationList;
			buildConfigurations = (
				FAC674021C4E867300BAC4D5 /* Debug */,
				FAC674031C4E867300BAC4D5 /* Release */,
			);
			defaultConfigurationIsVisible = 0;
			defaultConfigurationName = Release;
		};
/* End XCConfigurationList section */
	};
	rootObject = FAC673E51C4E867300BAC4D5 /* Project object */;
}
